// !$*UTF8*$!
{
	archiveVersion = 1;
	classes = {
	};
	objectVersion = 50;
	objects = {

/* Begin PBXBuildFile section */
		14421165C95AB521DCC69D85 /* Pods_WLThirdUtilPodSpecEdit.framework in Frameworks */ = {isa = PBXBuildFile; fileRef = 406F8E7C4165B6E2C0D9BB18 /* Pods_WLThirdUtilPodSpecEdit.framework */; };
		6C475508226431690014452C /* main.m in Sources */ = {isa = PBXBuildFile; fileRef = 6C475507226431690014452C /* main.m */; };
/* End PBXBuildFile section */

/* Begin PBXCopyFilesBuildPhase section */
		6C475502226431690014452C /* CopyFiles */ = {
			isa = PBXCopyFilesBuildPhase;
			buildActionMask = 2147483647;
			dstPath = /usr/share/man/man1/;
			dstSubfolderSpec = 0;
			files = (
			);
			runOnlyForDeploymentPostprocessing = 1;
		};
/* End PBXCopyFilesBuildPhase section */

/* Begin PBXFileReference section */
		406F8E7C4165B6E2C0D9BB18 /* Pods_WLThirdUtilPodSpecEdit.framework */ = {isa = PBXFileReference; explicitFileType = wrapper.framework; includeInIndex = 0; path = Pods_WLThirdUtilPodSpecEdit.framework; sourceTree = BUILT_PRODUCTS_DIR; };
		6C475504226431690014452C /* WLThirdUtilPodSpecEdit */ = {isa = PBXFileReference; explicitFileType = "compiled.mach-o.executable"; includeInIndex = 0; path = WLThirdUtilPodSpecEdit; sourceTree = BUILT_PRODUCTS_DIR; };
		6C475507226431690014452C /* main.m */ = {isa = PBXFileReference; lastKnownFileType = sourcecode.c.objc; path = main.m; sourceTree = "<group>"; };
		6EBF978E738613FA361EC900 /* Pods-WLThirdUtilPodSpecEdit.debug.xcconfig */ = {isa = PBXFileReference; includeInIndex = 1; lastKnownFileType = text.xcconfig; name = "Pods-WLThirdUtilPodSpecEdit.debug.xcconfig"; path = "Target Support Files/Pods-WLThirdUtilPodSpecEdit/Pods-WLThirdUtilPodSpecEdit.debug.xcconfig"; sourceTree = "<group>"; };
		AB84C05A8C82C64F72970C2A /* Pods-WLThirdUtilPodSpecEdit.release.xcconfig */ = {isa = PBXFileReference; includeInIndex = 1; lastKnownFileType = text.xcconfig; name = "Pods-WLThirdUtilPodSpecEdit.release.xcconfig"; path = "Target Support Files/Pods-WLThirdUtilPodSpecEdit/Pods-WLThirdUtilPodSpecEdit.release.xcconfig"; sourceTree = "<group>"; };
/* End PBXFileReference section */

/* Begin PBXFrameworksBuildPhase section */
		6C475501226431690014452C /* Frameworks */ = {
			isa = PBXFrameworksBuildPhase;
			buildActionMask = 2147483647;
			files = (
				14421165C95AB521DCC69D85 /* Pods_WLThirdUtilPodSpecEdit.framework in Frameworks */,
			);
			runOnlyForDeploymentPostprocessing = 0;
		};
/* End PBXFrameworksBuildPhase section */

/* Begin PBXGroup section */
		6720184CBBCC683CDE00EB67 /* Frameworks */ = {
			isa = PBXGroup;
			children = (
				406F8E7C4165B6E2C0D9BB18 /* Pods_WLThirdUtilPodSpecEdit.framework */,
			);
			name = Frameworks;
			sourceTree = "<group>";
		};
		6C4754FB226431690014452C = {
			isa = PBXGroup;
			children = (
				6C475506226431690014452C /* WLThirdUtilPodSpecEdit */,
				6C475505226431690014452C /* Products */,
				8C3DF04A2133CF2C6E49D70A /* Pods */,
				6720184CBBCC683CDE00EB67 /* Frameworks */,
			);
			sourceTree = "<group>";
		};
		6C475505226431690014452C /* Products */ = {
			isa = PBXGroup;
			children = (
				6C475504226431690014452C /* WLThirdUtilPodSpecEdit */,
			);
			name = Products;
			sourceTree = "<group>";
		};
		6C475506226431690014452C /* WLThirdUtilPodSpecEdit */ = {
			isa = PBXGroup;
			children = (
				6C475507226431690014452C /* main.m */,
			);
			path = WLThirdUtilPodSpecEdit;
			sourceTree = "<group>";
		};
		8C3DF04A2133CF2C6E49D70A /* Pods */ = {
			isa = PBXGroup;
			children = (
				6EBF978E738613FA361EC900 /* Pods-WLThirdUtilPodSpecEdit.debug.xcconfig */,
				AB84C05A8C82C64F72970C2A /* Pods-WLThirdUtilPodSpecEdit.release.xcconfig */,
			);
			name = Pods;
			path = Pods;
			sourceTree = "<group>";
		};
/* End PBXGroup section */

/* Begin PBXNativeTarget section */
		6C475503226431690014452C /* WLThirdUtilPodSpecEdit */ = {
			isa = PBXNativeTarget;
			buildConfigurationList = 6C47550B226431690014452C /* Build configuration list for PBXNativeTarget "WLThirdUtilPodSpecEdit" */;
			buildPhases = (
				9F4C9526EDBA43AFD3E84B9D /* [CP] Check Pods Manifest.lock */,
				6C475500226431690014452C /* Sources */,
				6C475501226431690014452C /* Frameworks */,
				6C475502226431690014452C /* CopyFiles */,
			);
			buildRules = (
			);
			dependencies = (
			);
			name = WLThirdUtilPodSpecEdit;
			productName = WLThirdUtilPodSpecEdit;
			productReference = 6C475504226431690014452C /* WLThirdUtilPodSpecEdit */;
			productType = "com.apple.product-type.tool";
		};
/* End PBXNativeTarget section */

/* Begin PBXProject section */
		6C4754FC226431690014452C /* Project object */ = {
			isa = PBXProject;
			attributes = {
				LastUpgradeCheck = 1020;
				ORGANIZATIONNAME = "three stone 王";
				TargetAttributes = {
					6C475503226431690014452C = {
						CreatedOnToolsVersion = 10.2;
					};
				};
			};
			buildConfigurationList = 6C4754FF226431690014452C /* Build configuration list for PBXProject "WLThirdUtilPodSpecEdit" */;
			compatibilityVersion = "Xcode 9.3";
			developmentRegion = en;
			hasScannedForEncodings = 0;
			knownRegions = (
				en,
			);
			mainGroup = 6C4754FB226431690014452C;
			productRefGroup = 6C475505226431690014452C /* Products */;
			projectDirPath = "";
			projectRoot = "";
			targets = (
				6C475503226431690014452C /* WLThirdUtilPodSpecEdit */,
			);
		};
/* End PBXProject section */

/* Begin PBXShellScriptBuildPhase section */
		9F4C9526EDBA43AFD3E84B9D /* [CP] Check Pods Manifest.lock */ = {
			isa = PBXShellScriptBuildPhase;
			buildActionMask = 2147483647;
			files = (
			);
			inputFileListPaths = (
			);
			inputPaths = (
				"${PODS_PODFILE_DIR_PATH}/Podfile.lock",
				"${PODS_ROOT}/Manifest.lock",
			);
			name = "[CP] Check Pods Manifest.lock";
			outputFileListPaths = (
			);
			outputPaths = (
				"$(DERIVED_FILE_DIR)/Pods-WLThirdUtilPodSpecEdit-checkManifestLockResult.txt",
			);
			runOnlyForDeploymentPostprocessing = 0;
			shellPath = /bin/sh;
			shellScript = "diff \"${PODS_PODFILE_DIR_PATH}/Podfile.lock\" \"${PODS_ROOT}/Manifest.lock\" > /dev/null\nif [ $? != 0 ] ; then\n    # print error to STDERR\n    echo \"error: The sandbox is not in sync with the Podfile.lock. Run 'pod install' or update your CocoaPods installation.\" >&2\n    exit 1\nfi\n# This output is used by Xcode 'outputs' to avoid re-running this script phase.\necho \"SUCCESS\" > \"${SCRIPT_OUTPUT_FILE_0}\"\n";
			showEnvVarsInLog = 0;
		};
/* End PBXShellScriptBuildPhase section */

/* Begin PBXSourcesBuildPhase section */
		6C475500226431690014452C /* Sources */ = {
			isa = PBXSourcesBuildPhase;
			buildActionMask = 2147483647;
			files = (
				6C475508226431690014452C /* main.m in Sources */,
			);
			runOnlyForDeploymentPostprocessing = 0;
		};
/* End PBXSourcesBuildPhase section */

/* Begin XCBuildConfiguration section */
		6C475509226431690014452C /* Debug */ = {
			isa = XCBuildConfiguration;
			buildSettings = {
				ALWAYS_SEARCH_USER_PATHS = NO;
				CLANG_ANALYZER_NONNULL = YES;
				CLANG_ANALYZER_NUMBER_OBJECT_CONVERSION = YES_AGGRESSIVE;
				CLANG_CXX_LANGUAGE_STANDARD = "gnu++14";
				CLANG_CXX_LIBRARY = "libc++";
				CLANG_ENABLE_MODULES = YES;
				CLANG_ENABLE_OBJC_ARC = YES;
				CLANG_ENABLE_OBJC_WEAK = YES;
				CLANG_WARN_BLOCK_CAPTURE_AUTORELEASING = YES;
				CLANG_WARN_BOOL_CONVERSION = YES;
				CLANG_WARN_COMMA = YES;
				CLANG_WARN_CONSTANT_CONVERSION = YES;
				CLANG_WARN_DEPRECATED_OBJC_IMPLEMENTATIONS = YES;
				CLANG_WARN_DIRECT_OBJC_ISA_USAGE = YES_ERROR;
				CLANG_WARN_DOCUMENTATION_COMMENTS = YES;
				CLANG_WARN_EMPTY_BODY = YES;
				CLANG_WARN_ENUM_CONVERSION = YES;
				CLANG_WARN_INFINITE_RECURSION = YES;
				CLANG_WARN_INT_CONVERSION = YES;
				CLANG_WARN_NON_LITERAL_NULL_CONVERSION = YES;
				CLANG_WARN_OBJC_IMPLICIT_RETAIN_SELF = YES;
				CLANG_WARN_OBJC_LITERAL_CONVERSION = YES;
				CLANG_WARN_OBJC_ROOT_CLASS = YES_ERROR;
				CLANG_WARN_RANGE_LOOP_ANALYSIS = YES;
				CLANG_WARN_STRICT_PROTOTYPES = YES;
				CLANG_WARN_SUSPICIOUS_MOVE = YES;
				CLANG_WARN_UNGUARDED_AVAILABILITY = YES_AGGRESSIVE;
				CLANG_WARN_UNREACHABLE_CODE = YES;
				CLANG_WARN__DUPLICATE_METHOD_MATCH = YES;
				CODE_SIGN_IDENTITY = "-";
				COPY_PHASE_STRIP = NO;
				DEBUG_INFORMATION_FORMAT = dwarf;
				ENABLE_STRICT_OBJC_MSGSEND = YES;
				ENABLE_TESTABILITY = YES;
				GCC_C_LANGUAGE_STANDARD = gnu11;
				GCC_DYNAMIC_NO_PIC = NO;
				GCC_NO_COMMON_BLOCKS = YES;
				GCC_OPTIMIZATION_LEVEL = 0;
				GCC_PREPROCESSOR_DEFINITIONS = (
					"DEBUG=1",
					"$(inherited)",
				);
				GCC_WARN_64_TO_32_BIT_CONVERSION = YES;
				GCC_WARN_ABOUT_RETURN_TYPE = YES_ERROR;
				GCC_WARN_UNDECLARED_SELECTOR = YES;
				GCC_WARN_UNINITIALIZED_AUTOS = YES_AGGRESSIVE;
				GCC_WARN_UNUSED_FUNCTION = YES;
				GCC_WARN_UNUSED_VARIABLE = YES;
				MACOSX_DEPLOYMENT_TARGET = 10.14;
				MTL_ENABLE_DEBUG_INFO = INCLUDE_SOURCE;
				MTL_FAST_MATH = YES;
				ONLY_ACTIVE_ARCH = YES;
				SDKROOT = macosx;
			};
			name = Debug;
		};
		6C47550A226431690014452C /* Release */ = {
			isa = XCBuildConfiguration;
			buildSettings = {
				ALWAYS_SEARCH_USER_PATHS = NO;
				CLANG_ANALYZER_NONNULL = YES;
				CLANG_ANALYZER_NUMBER_OBJECT_CONVERSION = YES_AGGRESSIVE;
				CLANG_CXX_LANGUAGE_STANDARD = "gnu++14";
				CLANG_CXX_LIBRARY = "libc++";
				CLANG_ENABLE_MODULES = YES;
				CLANG_ENABLE_OBJC_ARC = YES;
				CLANG_ENABLE_OBJC_WEAK = YES;
				CLANG_WARN_BLOCK_CAPTURE_AUTORELEASING = YES;
				CLANG_WARN_BOOL_CONVERSION = YES;
				CLANG_WARN_COMMA = YES;
				CLANG_WARN_CONSTANT_CONVERSION = YES;
				CLANG_WARN_DEPRECATED_OBJC_IMPLEMENTATIONS = YES;
				CLANG_WARN_DIRECT_OBJC_ISA_USAGE = YES_ERROR;
				CLANG_WARN_DOCUMENTATION_COMMENTS = YES;
				CLANG_WARN_EMPTY_BODY = YES;
				CLANG_WARN_ENUM_CONVERSION = YES;
				CLANG_WARN_INFINITE_RECURSION = YES;
				CLANG_WARN_INT_CONVERSION = YES;
				CLANG_WARN_NON_LITERAL_NULL_CONVERSION = YES;
				CLANG_WARN_OBJC_IMPLICIT_RETAIN_SELF = YES;
				CLANG_WARN_OBJC_LITERAL_CONVERSION = YES;
				CLANG_WARN_OBJC_ROOT_CLASS = YES_ERROR;
				CLANG_WARN_RANGE_LOOP_ANALYSIS = YES;
				CLANG_WARN_STRICT_PROTOTYPES = YES;
				CLANG_WARN_SUSPICIOUS_MOVE = YES;
				CLANG_WARN_UNGUARDED_AVAILABILITY = YES_AGGRESSIVE;
				CLANG_WARN_UNREACHABLE_CODE = YES;
				CLANG_WARN__DUPLICATE_METHOD_MATCH = YES;
				CODE_SIGN_IDENTITY = "-";
				COPY_PHASE_STRIP = NO;
				DEBUG_INFORMATION_FORMAT = "dwarf-with-dsym";
				ENABLE_NS_ASSERTIONS = NO;
				ENABLE_STRICT_OBJC_MSGSEND = YES;
				GCC_C_LANGUAGE_STANDARD = gnu11;
				GCC_NO_COMMON_BLOCKS = YES;
				GCC_WARN_64_TO_32_BIT_CONVERSION = YES;
				GCC_WARN_ABOUT_RETURN_TYPE = YES_ERROR;
				GCC_WARN_UNDECLARED_SELECTOR = YES;
				GCC_WARN_UNINITIALIZED_AUTOS = YES_AGGRESSIVE;
				GCC_WARN_UNUSED_FUNCTION = YES;
				GCC_WARN_UNUSED_VARIABLE = YES;
				MACOSX_DEPLOYMENT_TARGET = 10.14;
				MTL_ENABLE_DEBUG_INFO = NO;
				MTL_FAST_MATH = YES;
				SDKROOT = macosx;
			};
			name = Release;
		};
		6C47550C226431690014452C /* Debug */ = {
			isa = XCBuildConfiguration;
			baseConfigurationReference = 6EBF978E738613FA361EC900 /* Pods-WLThirdUtilPodSpecEdit.debug.xcconfig */;
			buildSettings = {
				CODE_SIGN_STYLE = Automatic;
				PRODUCT_NAME = "$(TARGET_NAME)";
			};
			name = Debug;
		};
		6C47550D226431690014452C /* Release */ = {
			isa = XCBuildConfiguration;
			baseConfigurationReference = AB84C05A8C82C64F72970C2A /* Pods-WLThirdUtilPodSpecEdit.release.xcconfig */;
			buildSettings = {
				CODE_SIGN_STYLE = Automatic;
				PRODUCT_NAME = "$(TARGET_NAME)";
			};
			name = Release;
		};
/* End XCBuildConfiguration section */

/* Begin XCConfigurationList section */
		6C4754FF226431690014452C /* Build configuration list for PBXProject "WLThirdUtilPodSpecEdit" */ = {
			isa = XCConfigurationList;
			buildConfigurations = (
				6C475509226431690014452C /* Debug */,
				6C47550A226431690014452C /* Release */,
			);
			defaultConfigurationIsVisible = 0;
			defaultConfigurationName = Release;
		};
		6C47550B226431690014452C /* Build configuration list for PBXNativeTarget "WLThirdUtilPodSpecEdit" */ = {
			isa = XCConfigurationList;
			buildConfigurations = (
				6C47550C226431690014452C /* Debug */,
				6C47550D226431690014452C /* Release */,
			);
			defaultConfigurationIsVisible = 0;
			defaultConfigurationName = Release;
		};
/* End XCConfigurationList section */
	};
	rootObject = 6C4754FC226431690014452C /* Project object */;
}
